
Microsoft Visual Studio Solution File, Format Version 12.00
# Visual Studio Version 16
VisualStudioVersion = 16.0.30128.74
MinimumVisualStudioVersion = 10.0.40219.1
Project("{9A19103F-16F7-4668-BE54-9A1E7A4F7556}") = "SimbirSoft_Latfullin", "SimbirSoft_Latfullin\SimbirSoft_Latfullin.csproj", "{B8719269-8915-443C-BCA0-6E126318E266}"
EndProject
Project("{FAE04EC0-301F-11D3-BF4B-00C04F79EFBC}") = "SimbirSoft_Latfullin.Domain", "SimbirSoft_Latfullin.Domain\SimbirSoft_Latfullin.Domain.csproj", "{D4F9E559-E063-4C6B-853D-D292D9359B14}"
EndProject
Global
	GlobalSection(SolutionConfigurationPlatforms) = preSolution
		Debug|Any CPU = Debug|Any CPU
		Release|Any CPU = Release|Any CPU
	EndGlobalSection
	GlobalSection(ProjectConfigurationPlatforms) = postSolution
		{B8719269-8915-443C-BCA0-6E126318E266}.Debug|Any CPU.ActiveCfg = Debug|Any CPU
		{B8719269-8915-443C-BCA0-6E126318E266}.Debug|Any CPU.Build.0 = Debug|Any CPU
		{B8719269-8915-443C-BCA0-6E126318E266}.Release|Any CPU.ActiveCfg = Release|Any CPU
		{B8719269-8915-443C-BCA0-6E126318E266}.Release|Any CPU.Build.0 = Release|Any CPU
		{D4F9E559-E063-4C6B-853D-D292D9359B14}.Debug|Any CPU.ActiveCfg = Debug|Any CPU
		{D4F9E559-E063-4C6B-853D-D292D9359B14}.Debug|Any CPU.Build.0 = Debug|Any CPU
		{D4F9E559-E063-4C6B-853D-D292D9359B14}.Release|Any CPU.ActiveCfg = Release|Any CPU
		{D4F9E559-E063-4C6B-853D-D292D9359B14}.Release|Any CPU.Build.0 = Release|Any CPU
	EndGlobalSection
	GlobalSection(SolutionProperties) = preSolution
		HideSolutionNode = FALSE
	EndGlobalSection
	GlobalSection(ExtensibilityGlobals) = postSolution
		SolutionGuid = {9054F5ED-566C-48AA-A07E-1F01902057C2}
	EndGlobalSection
EndGlobal
